
Microsoft Visual Studio Solution File, Format Version 12.00
# Visual Studio Version 16
VisualStudioVersion = 16.0.28803.452
MinimumVisualStudioVersion = 10.0.40219.1
Project("{888888A0-9F3D-457C-B088-3A5042F75D52}") = "CSVread", "CSVread\CSVread.pyproj", "{0D6C7FE2-3F6D-40B6-A806-A0183E349554}"
EndProject
Global
	GlobalSection(SolutionConfigurationPlatforms) = preSolution
		Debug|Any CPU = Debug|Any CPU
		Release|Any CPU = Release|Any CPU
	EndGlobalSection
	GlobalSection(ProjectConfigurationPlatforms) = postSolution
		{0D6C7FE2-3F6D-40B6-A806-A0183E349554}.Debug|Any CPU.ActiveCfg = Debug|Any CPU
		{0D6C7FE2-3F6D-40B6-A806-A0183E349554}.Release|Any CPU.ActiveCfg = Release|Any CPU
	EndGlobalSection
	GlobalSection(SolutionProperties) = preSolution
		HideSolutionNode = FALSE
	EndGlobalSection
	GlobalSection(ExtensibilityGlobals) = postSolution
		SolutionGuid = {3841AF0E-5A53-4391-862C-930BEAA513E9}
	EndGlobalSection
EndGlobal
